// !$*UTF8*$!
{
	archiveVersion = 1;
	classes = {
	};
	objectVersion = 55;
	objects = {

/* Begin PBXBuildFile section */
		B80BEF192868644F00DF04D4 /* __ToDo_App.swift in Sources */ = {isa = PBXBuildFile; fileRef = B80BEF182868644F00DF04D4 /* __ToDo_App.swift */; };
		B80BEF1D2868645100DF04D4 /* Assets.xcassets in Resources */ = {isa = PBXBuildFile; fileRef = B80BEF1C2868645100DF04D4 /* Assets.xcassets */; };
		B80BEF202868645100DF04D4 /* Preview Assets.xcassets in Resources */ = {isa = PBXBuildFile; fileRef = B80BEF1F2868645100DF04D4 /* Preview Assets.xcassets */; };
		B80BEF222868645100DF04D4 /* Persistence.swift in Sources */ = {isa = PBXBuildFile; fileRef = B80BEF212868645100DF04D4 /* Persistence.swift */; };
		B80BEF252868645100DF04D4 /* __ToDo_.xcdatamodeld in Sources */ = {isa = PBXBuildFile; fileRef = B80BEF232868645100DF04D4 /* __ToDo_.xcdatamodeld */; };
		B82A980C2869DB78003AB9F4 /* PermanentMarker-Regular.ttf in Resources */ = {isa = PBXBuildFile; fileRef = B82A980B2869DB78003AB9F4 /* PermanentMarker-Regular.ttf */; };
		B82A98102869E444003AB9F4 /* ImageStyles.swift in Sources */ = {isa = PBXBuildFile; fileRef = B82A980F2869E444003AB9F4 /* ImageStyles.swift */; };
		B84BDD94286B4F91002C9043 /* SettingsView.swift in Sources */ = {isa = PBXBuildFile; fileRef = B84BDD93286B4F91002C9043 /* SettingsView.swift */; };
		B84BDD97286B5158002C9043 /* SymbolButton.swift in Sources */ = {isa = PBXBuildFile; fileRef = B84BDD96286B5158002C9043 /* SymbolButton.swift */; };
		B8580A962868C9E600A94091 /* CardColors.swift in Sources */ = {isa = PBXBuildFile; fileRef = B8580A952868C9E600A94091 /* CardColors.swift */; };
		B8581B232869D10A00A5F583 /* TextStyles.swift in Sources */ = {isa = PBXBuildFile; fileRef = B8581B222869D10A00A5F583 /* TextStyles.swift */; };
		B8581B2C2869D4E200A5F583 /* Fonts.swift in Sources */ = {isa = PBXBuildFile; fileRef = B8581B2B2869D4E200A5F583 /* Fonts.swift */; };
		B866F8D7286894F900D50470 /* TasksView.swift in Sources */ = {isa = PBXBuildFile; fileRef = B866F8D6286894F900D50470 /* TasksView.swift */; };
		B866F8D92868951B00D50470 /* TasksViewModel.swift in Sources */ = {isa = PBXBuildFile; fileRef = B866F8D82868951B00D50470 /* TasksViewModel.swift */; };
		B866F8DE286899F400D50470 /* TaskPriority.swift in Sources */ = {isa = PBXBuildFile; fileRef = B866F8DD286899F400D50470 /* TaskPriority.swift */; };
		B866F8E128689D0700D50470 /* ContentView.swift in Sources */ = {isa = PBXBuildFile; fileRef = B866F8E028689D0700D50470 /* ContentView.swift */; };
		B866F8E62868B6BA00D50470 /* CreateTaskView.swift in Sources */ = {isa = PBXBuildFile; fileRef = B866F8E52868B6BA00D50470 /* CreateTaskView.swift */; };
		B8C0694F2869BB7B0050C3BB /* BackgroundColors.swift in Sources */ = {isa = PBXBuildFile; fileRef = B8C0694E2869BB7B0050C3BB /* BackgroundColors.swift */; };
/* End PBXBuildFile section */

/* Begin PBXFileReference section */
		B80BEF152868644F00DF04D4 /* _(ToDo).app */ = {isa = PBXFileReference; explicitFileType = wrapper.application; includeInIndex = 0; path = "_(ToDo).app"; sourceTree = BUILT_PRODUCTS_DIR; };
		B80BEF182868644F00DF04D4 /* __ToDo_App.swift */ = {isa = PBXFileReference; lastKnownFileType = sourcecode.swift; path = __ToDo_App.swift; sourceTree = "<group>"; };
		B80BEF1C2868645100DF04D4 /* Assets.xcassets */ = {isa = PBXFileReference; lastKnownFileType = folder.assetcatalog; path = Assets.xcassets; sourceTree = "<group>"; };
		B80BEF1F2868645100DF04D4 /* Preview Assets.xcassets */ = {isa = PBXFileReference; lastKnownFileType = folder.assetcatalog; path = "Preview Assets.xcassets"; sourceTree = "<group>"; };
		B80BEF212868645100DF04D4 /* Persistence.swift */ = {isa = PBXFileReference; lastKnownFileType = sourcecode.swift; path = Persistence.swift; sourceTree = "<group>"; };
		B80BEF242868645100DF04D4 /* __ToDo_.xcdatamodel */ = {isa = PBXFileReference; lastKnownFileType = wrapper.xcdatamodel; path = __ToDo_.xcdatamodel; sourceTree = "<group>"; };
		B82A980B2869DB78003AB9F4 /* PermanentMarker-Regular.ttf */ = {isa = PBXFileReference; lastKnownFileType = file; path = "PermanentMarker-Regular.ttf"; sourceTree = "<group>"; };
		B82A980F2869E444003AB9F4 /* ImageStyles.swift */ = {isa = PBXFileReference; lastKnownFileType = sourcecode.swift; path = ImageStyles.swift; sourceTree = "<group>"; };
		B84BDD93286B4F91002C9043 /* SettingsView.swift */ = {isa = PBXFileReference; lastKnownFileType = sourcecode.swift; path = SettingsView.swift; sourceTree = "<group>"; };
		B84BDD96286B5158002C9043 /* SymbolButton.swift */ = {isa = PBXFileReference; lastKnownFileType = sourcecode.swift; path = SymbolButton.swift; sourceTree = "<group>"; };
		B8580A952868C9E600A94091 /* CardColors.swift */ = {isa = PBXFileReference; lastKnownFileType = sourcecode.swift; path = CardColors.swift; sourceTree = "<group>"; };
		B8581B222869D10A00A5F583 /* TextStyles.swift */ = {isa = PBXFileReference; lastKnownFileType = sourcecode.swift; path = TextStyles.swift; sourceTree = "<group>"; };
		B8581B2A2869D48D00A5F583 /* --ToDo--Info.plist */ = {isa = PBXFileReference; lastKnownFileType = text.plist; path = "--ToDo--Info.plist"; sourceTree = SOURCE_ROOT; };
		B8581B2B2869D4E200A5F583 /* Fonts.swift */ = {isa = PBXFileReference; lastKnownFileType = sourcecode.swift; path = Fonts.swift; sourceTree = "<group>"; };
		B866F8D6286894F900D50470 /* TasksView.swift */ = {isa = PBXFileReference; lastKnownFileType = sourcecode.swift; path = TasksView.swift; sourceTree = "<group>"; };
		B866F8D82868951B00D50470 /* TasksViewModel.swift */ = {isa = PBXFileReference; lastKnownFileType = sourcecode.swift; path = TasksViewModel.swift; sourceTree = "<group>"; };
		B866F8DD286899F400D50470 /* TaskPriority.swift */ = {isa = PBXFileReference; lastKnownFileType = sourcecode.swift; path = TaskPriority.swift; sourceTree = "<group>"; };
		B866F8E028689D0700D50470 /* ContentView.swift */ = {isa = PBXFileReference; lastKnownFileType = sourcecode.swift; name = ContentView.swift; path = "_(ToDo)/Navigation/ContentView.swift"; sourceTree = SOURCE_ROOT; };
		B866F8E52868B6BA00D50470 /* CreateTaskView.swift */ = {isa = PBXFileReference; lastKnownFileType = sourcecode.swift; path = CreateTaskView.swift; sourceTree = "<group>"; };
		B8C0694E2869BB7B0050C3BB /* BackgroundColors.swift */ = {isa = PBXFileReference; lastKnownFileType = sourcecode.swift; path = BackgroundColors.swift; sourceTree = "<group>"; };
/* End PBXFileReference section */

/* Begin PBXFrameworksBuildPhase section */
		B80BEF122868644F00DF04D4 /* Frameworks */ = {
			isa = PBXFrameworksBuildPhase;
			buildActionMask = 2147483647;
			files = (
			);
			runOnlyForDeploymentPostprocessing = 0;
		};
/* End PBXFrameworksBuildPhase section */

/* Begin PBXGroup section */
		B80BEF0C2868644F00DF04D4 = {
			isa = PBXGroup;
			children = (
				B80BEF172868644F00DF04D4 /* _(ToDo) */,
				B80BEF162868644F00DF04D4 /* Products */,
			);
			sourceTree = "<group>";
		};
		B80BEF162868644F00DF04D4 /* Products */ = {
			isa = PBXGroup;
			children = (
				B80BEF152868644F00DF04D4 /* _(ToDo).app */,
			);
			name = Products;
			sourceTree = "<group>";
		};
		B80BEF172868644F00DF04D4 /* _(ToDo) */ = {
			isa = PBXGroup;
			children = (
				B8581B2A2869D48D00A5F583 /* --ToDo--Info.plist */,
				B80BEF182868644F00DF04D4 /* __ToDo_App.swift */,
				B866F8E228689D6E00D50470 /* Navigation */,
				B866F8D42868949C00D50470 /* Views */,
				B866F8D5286894A600D50470 /* ViewModels */,
				B866F8DA2868960A00D50470 /* Models */,
				B84BDD95286B50E6002C9043 /* Components */,
				B8580A942868C9DA00A94091 /* Styles */,
				B8581B212869C92200A5F583 /* SupportFiles */,
				B80BEF1C2868645100DF04D4 /* Assets.xcassets */,
				B80BEF212868645100DF04D4 /* Persistence.swift */,
				B80BEF232868645100DF04D4 /* __ToDo_.xcdatamodeld */,
				B80BEF1E2868645100DF04D4 /* Preview Content */,
			);
			path = "_(ToDo)";
			sourceTree = "<group>";
		};
		B80BEF1E2868645100DF04D4 /* Preview Content */ = {
			isa = PBXGroup;
			children = (
				B80BEF1F2868645100DF04D4 /* Preview Assets.xcassets */,
			);
			path = "Preview Content";
			sourceTree = "<group>";
		};
		B84BDD95286B50E6002C9043 /* Components */ = {
			isa = PBXGroup;
			children = (
				B84BDD96286B5158002C9043 /* SymbolButton.swift */,
			);
			path = Components;
			sourceTree = "<group>";
		};
		B8580A942868C9DA00A94091 /* Styles */ = {
			isa = PBXGroup;
			children = (
				B8581B222869D10A00A5F583 /* TextStyles.swift */,
				B82A980F2869E444003AB9F4 /* ImageStyles.swift */,
			);
			path = Styles;
			sourceTree = "<group>";
		};
		B8581B212869C92200A5F583 /* SupportFiles */ = {
			isa = PBXGroup;
			children = (
				B8581B252869D2D300A5F583 /* Fonts */,
				B8581B242869D2CA00A5F583 /* Colors */,
			);
			path = SupportFiles;
			sourceTree = "<group>";
		};
		B8581B242869D2CA00A5F583 /* Colors */ = {
			isa = PBXGroup;
			children = (
				B8580A952868C9E600A94091 /* CardColors.swift */,
				B8C0694E2869BB7B0050C3BB /* BackgroundColors.swift */,
			);
			path = Colors;
			sourceTree = "<group>";
		};
		B8581B252869D2D300A5F583 /* Fonts */ = {
			isa = PBXGroup;
			children = (
				B8581B2B2869D4E200A5F583 /* Fonts.swift */,
				B82A980B2869DB78003AB9F4 /* PermanentMarker-Regular.ttf */,
			);
			path = Fonts;
			sourceTree = "<group>";
		};
		B866F8D42868949C00D50470 /* Views */ = {
			isa = PBXGroup;
			children = (
				B866F8D6286894F900D50470 /* TasksView.swift */,
				B866F8E52868B6BA00D50470 /* CreateTaskView.swift */,
				B84BDD93286B4F91002C9043 /* SettingsView.swift */,
			);
			path = Views;
			sourceTree = "<group>";
		};
		B866F8D5286894A600D50470 /* ViewModels */ = {
			isa = PBXGroup;
			children = (
				B866F8D82868951B00D50470 /* TasksViewModel.swift */,
			);
			path = ViewModels;
			sourceTree = "<group>";
		};
		B866F8DA2868960A00D50470 /* Models */ = {
			isa = PBXGroup;
			children = (
				B866F8DD286899F400D50470 /* TaskPriority.swift */,
			);
			path = Models;
			sourceTree = "<group>";
		};
		B866F8E228689D6E00D50470 /* Navigation */ = {
			isa = PBXGroup;
			children = (
				B866F8E028689D0700D50470 /* ContentView.swift */,
			);
			path = Navigation;
			sourceTree = "<group>";
		};
/* End PBXGroup section */

/* Begin PBXNativeTarget section */
		B80BEF142868644F00DF04D4 /* _(ToDo) */ = {
			isa = PBXNativeTarget;
			buildConfigurationList = B80BEF282868645100DF04D4 /* Build configuration list for PBXNativeTarget "_(ToDo)" */;
			buildPhases = (
				B80BEF112868644F00DF04D4 /* Sources */,
				B80BEF122868644F00DF04D4 /* Frameworks */,
				B80BEF132868644F00DF04D4 /* Resources */,
			);
			buildRules = (
			);
			dependencies = (
			);
			name = "_(ToDo)";
			productName = "_(ToDo)";
			productReference = B80BEF152868644F00DF04D4 /* _(ToDo).app */;
			productType = "com.apple.product-type.application";
		};
/* End PBXNativeTarget section */

/* Begin PBXProject section */
		B80BEF0D2868644F00DF04D4 /* Project object */ = {
			isa = PBXProject;
			attributes = {
				BuildIndependentTargetsInParallel = 1;
				LastSwiftUpdateCheck = 1340;
				LastUpgradeCheck = 1340;
				TargetAttributes = {
					B80BEF142868644F00DF04D4 = {
						CreatedOnToolsVersion = 13.4.1;
					};
				};
			};
			buildConfigurationList = B80BEF102868644F00DF04D4 /* Build configuration list for PBXProject "_(ToDo)" */;
			compatibilityVersion = "Xcode 13.0";
			developmentRegion = en;
			hasScannedForEncodings = 0;
			knownRegions = (
				en,
				Base,
			);
			mainGroup = B80BEF0C2868644F00DF04D4;
			productRefGroup = B80BEF162868644F00DF04D4 /* Products */;
			projectDirPath = "";
			projectRoot = "";
			targets = (
				B80BEF142868644F00DF04D4 /* _(ToDo) */,
			);
		};
/* End PBXProject section */

/* Begin PBXResourcesBuildPhase section */
		B80BEF132868644F00DF04D4 /* Resources */ = {
			isa = PBXResourcesBuildPhase;
			buildActionMask = 2147483647;
			files = (
				B80BEF202868645100DF04D4 /* Preview Assets.xcassets in Resources */,
				B82A980C2869DB78003AB9F4 /* PermanentMarker-Regular.ttf in Resources */,
				B80BEF1D2868645100DF04D4 /* Assets.xcassets in Resources */,
			);
			runOnlyForDeploymentPostprocessing = 0;
		};
/* End PBXResourcesBuildPhase section */

/* Begin PBXSourcesBuildPhase section */
		B80BEF112868644F00DF04D4 /* Sources */ = {
			isa = PBXSourcesBuildPhase;
			buildActionMask = 2147483647;
			files = (
				B82A98102869E444003AB9F4 /* ImageStyles.swift in Sources */,
				B80BEF222868645100DF04D4 /* Persistence.swift in Sources */,
				B8581B232869D10A00A5F583 /* TextStyles.swift in Sources */,
				B866F8D92868951B00D50470 /* TasksViewModel.swift in Sources */,
				B866F8E128689D0700D50470 /* ContentView.swift in Sources */,
				B8581B2C2869D4E200A5F583 /* Fonts.swift in Sources */,
				B80BEF192868644F00DF04D4 /* __ToDo_App.swift in Sources */,
				B84BDD94286B4F91002C9043 /* SettingsView.swift in Sources */,
				B80BEF252868645100DF04D4 /* __ToDo_.xcdatamodeld in Sources */,
				B866F8E62868B6BA00D50470 /* CreateTaskView.swift in Sources */,
				B8580A962868C9E600A94091 /* CardColors.swift in Sources */,
				B8C0694F2869BB7B0050C3BB /* BackgroundColors.swift in Sources */,
				B866F8D7286894F900D50470 /* TasksView.swift in Sources */,
				B866F8DE286899F400D50470 /* TaskPriority.swift in Sources */,
				B84BDD97286B5158002C9043 /* SymbolButton.swift in Sources */,
			);
			runOnlyForDeploymentPostprocessing = 0;
		};
/* End PBXSourcesBuildPhase section */

/* Begin XCBuildConfiguration section */
		B80BEF262868645100DF04D4 /* Debug */ = {
			isa = XCBuildConfiguration;
			buildSettings = {
				ALWAYS_SEARCH_USER_PATHS = NO;
				CLANG_ANALYZER_NONNULL = YES;
				CLANG_ANALYZER_NUMBER_OBJECT_CONVERSION = YES_AGGRESSIVE;
				CLANG_CXX_LANGUAGE_STANDARD = "gnu++17";
				CLANG_ENABLE_MODULES = YES;
				CLANG_ENABLE_OBJC_ARC = YES;
				CLANG_ENABLE_OBJC_WEAK = YES;
				CLANG_WARN_BLOCK_CAPTURE_AUTORELEASING = YES;
				CLANG_WARN_BOOL_CONVERSION = YES;
				CLANG_WARN_COMMA = YES;
				CLANG_WARN_CONSTANT_CONVERSION = YES;
				CLANG_WARN_DEPRECATED_OBJC_IMPLEMENTATIONS = YES;
				CLANG_WARN_DIRECT_OBJC_ISA_USAGE = YES_ERROR;
				CLANG_WARN_DOCUMENTATION_COMMENTS = YES;
				CLANG_WARN_EMPTY_BODY = YES;
				CLANG_WARN_ENUM_CONVERSION = YES;
				CLANG_WARN_INFINITE_RECURSION = YES;
				CLANG_WARN_INT_CONVERSION = YES;
				CLANG_WARN_NON_LITERAL_NULL_CONVERSION = YES;
				CLANG_WARN_OBJC_IMPLICIT_RETAIN_SELF = YES;
				CLANG_WARN_OBJC_LITERAL_CONVERSION = YES;
				CLANG_WARN_OBJC_ROOT_CLASS = YES_ERROR;
				CLANG_WARN_QUOTED_INCLUDE_IN_FRAMEWORK_HEADER = YES;
				CLANG_WARN_RANGE_LOOP_ANALYSIS = YES;
				CLANG_WARN_STRICT_PROTOTYPES = YES;
				CLANG_WARN_SUSPICIOUS_MOVE = YES;
				CLANG_WARN_UNGUARDED_AVAILABILITY = YES_AGGRESSIVE;
				CLANG_WARN_UNREACHABLE_CODE = YES;
				CLANG_WARN__DUPLICATE_METHOD_MATCH = YES;
				COPY_PHASE_STRIP = NO;
				DEBUG_INFORMATION_FORMAT = dwarf;
				ENABLE_STRICT_OBJC_MSGSEND = YES;
				ENABLE_TESTABILITY = YES;
				GCC_C_LANGUAGE_STANDARD = gnu11;
				GCC_DYNAMIC_NO_PIC = NO;
				GCC_NO_COMMON_BLOCKS = YES;
				GCC_OPTIMIZATION_LEVEL = 0;
				GCC_PREPROCESSOR_DEFINITIONS = (
					"DEBUG=1",
					"$(inherited)",
				);
				GCC_WARN_64_TO_32_BIT_CONVERSION = YES;
				GCC_WARN_ABOUT_RETURN_TYPE = YES_ERROR;
				GCC_WARN_UNDECLARED_SELECTOR = YES;
				GCC_WARN_UNINITIALIZED_AUTOS = YES_AGGRESSIVE;
				GCC_WARN_UNUSED_FUNCTION = YES;
				GCC_WARN_UNUSED_VARIABLE = YES;
				IPHONEOS_DEPLOYMENT_TARGET = 15.0;
				MTL_ENABLE_DEBUG_INFO = INCLUDE_SOURCE;
				MTL_FAST_MATH = YES;
				ONLY_ACTIVE_ARCH = YES;
				SDKROOT = iphoneos;
				SWIFT_ACTIVE_COMPILATION_CONDITIONS = DEBUG;
				SWIFT_OPTIMIZATION_LEVEL = "-Onone";
			};
			name = Debug;
		};
		B80BEF272868645100DF04D4 /* Release */ = {
			isa = XCBuildConfiguration;
			buildSettings = {
				ALWAYS_SEARCH_USER_PATHS = NO;
				CLANG_ANALYZER_NONNULL = YES;
				CLANG_ANALYZER_NUMBER_OBJECT_CONVERSION = YES_AGGRESSIVE;
				CLANG_CXX_LANGUAGE_STANDARD = "gnu++17";
				CLANG_ENABLE_MODULES = YES;
				CLANG_ENABLE_OBJC_ARC = YES;
				CLANG_ENABLE_OBJC_WEAK = YES;
				CLANG_WARN_BLOCK_CAPTURE_AUTORELEASING = YES;
				CLANG_WARN_BOOL_CONVERSION = YES;
				CLANG_WARN_COMMA = YES;
				CLANG_WARN_CONSTANT_CONVERSION = YES;
				CLANG_WARN_DEPRECATED_OBJC_IMPLEMENTATIONS = YES;
				CLANG_WARN_DIRECT_OBJC_ISA_USAGE = YES_ERROR;
				CLANG_WARN_DOCUMENTATION_COMMENTS = YES;
				CLANG_WARN_EMPTY_BODY = YES;
				CLANG_WARN_ENUM_CONVERSION = YES;
				CLANG_WARN_INFINITE_RECURSION = YES;
				CLANG_WARN_INT_CONVERSION = YES;
				CLANG_WARN_NON_LITERAL_NULL_CONVERSION = YES;
				CLANG_WARN_OBJC_IMPLICIT_RETAIN_SELF = YES;
				CLANG_WARN_OBJC_LITERAL_CONVERSION = YES;
				CLANG_WARN_OBJC_ROOT_CLASS = YES_ERROR;
				CLANG_WARN_QUOTED_INCLUDE_IN_FRAMEWORK_HEADER = YES;
				CLANG_WARN_RANGE_LOOP_ANALYSIS = YES;
				CLANG_WARN_STRICT_PROTOTYPES = YES;
				CLANG_WARN_SUSPICIOUS_MOVE = YES;
				CLANG_WARN_UNGUARDED_AVAILABILITY = YES_AGGRESSIVE;
				CLANG_WARN_UNREACHABLE_CODE = YES;
				CLANG_WARN__DUPLICATE_METHOD_MATCH = YES;
				COPY_PHASE_STRIP = NO;
				DEBUG_INFORMATION_FORMAT = "dwarf-with-dsym";
				ENABLE_NS_ASSERTIONS = NO;
				ENABLE_STRICT_OBJC_MSGSEND = YES;
				GCC_C_LANGUAGE_STANDARD = gnu11;
				GCC_NO_COMMON_BLOCKS = YES;
				GCC_WARN_64_TO_32_BIT_CONVERSION = YES;
				GCC_WARN_ABOUT_RETURN_TYPE = YES_ERROR;
				GCC_WARN_UNDECLARED_SELECTOR = YES;
				GCC_WARN_UNINITIALIZED_AUTOS = YES_AGGRESSIVE;
				GCC_WARN_UNUSED_FUNCTION = YES;
				GCC_WARN_UNUSED_VARIABLE = YES;
				IPHONEOS_DEPLOYMENT_TARGET = 15.0;
				MTL_ENABLE_DEBUG_INFO = NO;
				MTL_FAST_MATH = YES;
				SDKROOT = iphoneos;
				SWIFT_COMPILATION_MODE = wholemodule;
				SWIFT_OPTIMIZATION_LEVEL = "-O";
				VALIDATE_PRODUCT = YES;
			};
			name = Release;
		};
		B80BEF292868645100DF04D4 /* Debug */ = {
			isa = XCBuildConfiguration;
			buildSettings = {
				ASSETCATALOG_COMPILER_APPICON_NAME = AppIcon;
				ASSETCATALOG_COMPILER_GLOBAL_ACCENT_COLOR_NAME = AccentColor;
				CODE_SIGN_STYLE = Automatic;
				CURRENT_PROJECT_VERSION = 1;
				DEVELOPMENT_ASSET_PATHS = "\"_(ToDo)/Preview Content\"";
				DEVELOPMENT_TEAM = 5998BU97D3;
				ENABLE_PREVIEWS = YES;
				GENERATE_INFOPLIST_FILE = YES;
				INFOPLIST_FILE = "--ToDo--Info.plist";
				INFOPLIST_KEY_LSApplicationCategoryType = "\"\"";
				INFOPLIST_KEY_UIApplicationSceneManifest_Generation = YES;
				INFOPLIST_KEY_UIApplicationSupportsIndirectInputEvents = YES;
				INFOPLIST_KEY_UILaunchScreen_Generation = YES;
				INFOPLIST_KEY_UISupportedInterfaceOrientations_iPad = "UIInterfaceOrientationPortrait UIInterfaceOrientationPortraitUpsideDown UIInterfaceOrientationLandscapeLeft UIInterfaceOrientationLandscapeRight";
				INFOPLIST_KEY_UISupportedInterfaceOrientations_iPhone = "UIInterfaceOrientationPortrait UIInterfaceOrientationLandscapeLeft UIInterfaceOrientationLandscapeRight";
				LD_RUNPATH_SEARCH_PATHS = (
					"$(inherited)",
					"@executable_path/Frameworks",
				);
				MARKETING_VERSION = 1.0;
				PRODUCT_BUNDLE_IDENTIFIER = "artemiykutasevich.--ToDo-";
				PRODUCT_NAME = "$(TARGET_NAME)";
				SWIFT_EMIT_LOC_STRINGS = YES;
				SWIFT_VERSION = 5.0;
				TARGETED_DEVICE_FAMILY = "1,2";
			};
			name = Debug;
		};
		B80BEF2A2868645100DF04D4 /* Release */ = {
			isa = XCBuildConfiguration;
			buildSettings = {
				ASSETCATALOG_COMPILER_APPICON_NAME = AppIcon;
				ASSETCATALOG_COMPILER_GLOBAL_ACCENT_COLOR_NAME = AccentColor;
				CODE_SIGN_STYLE = Automatic;
				CURRENT_PROJECT_VERSION = 1;
				DEVELOPMENT_ASSET_PATHS = "\"_(ToDo)/Preview Content\"";
				DEVELOPMENT_TEAM = 5998BU97D3;
				ENABLE_PREVIEWS = YES;
				GENERATE_INFOPLIST_FILE = YES;
				INFOPLIST_FILE = "--ToDo--Info.plist";
				INFOPLIST_KEY_LSApplicationCategoryType = "\"\"";
				INFOPLIST_KEY_UIApplicationSceneManifest_Generation = YES;
				INFOPLIST_KEY_UIApplicationSupportsIndirectInputEvents = YES;
				INFOPLIST_KEY_UILaunchScreen_Generation = YES;
				INFOPLIST_KEY_UISupportedInterfaceOrientations_iPad = "UIInterfaceOrientationPortrait UIInterfaceOrientationPortraitUpsideDown UIInterfaceOrientationLandscapeLeft UIInterfaceOrientationLandscapeRight";
				INFOPLIST_KEY_UISupportedInterfaceOrientations_iPhone = "UIInterfaceOrientationPortrait UIInterfaceOrientationLandscapeLeft UIInterfaceOrientationLandscapeRight";
				LD_RUNPATH_SEARCH_PATHS = (
					"$(inherited)",
					"@executable_path/Frameworks",
				);
				MARKETING_VERSION = 1.0;
				PRODUCT_BUNDLE_IDENTIFIER = "artemiykutasevich.--ToDo-";
				PRODUCT_NAME = "$(TARGET_NAME)";
				SWIFT_EMIT_LOC_STRINGS = YES;
				SWIFT_VERSION = 5.0;
				TARGETED_DEVICE_FAMILY = "1,2";
			};
			name = Release;
		};
/* End XCBuildConfiguration section */

/* Begin XCConfigurationList section */
		B80BEF102868644F00DF04D4 /* Build configuration list for PBXProject "_(ToDo)" */ = {
			isa = XCConfigurationList;
			buildConfigurations = (
				B80BEF262868645100DF04D4 /* Debug */,
				B80BEF272868645100DF04D4 /* Release */,
			);
			defaultConfigurationIsVisible = 0;
			defaultConfigurationName = Release;
		};
		B80BEF282868645100DF04D4 /* Build configuration list for PBXNativeTarget "_(ToDo)" */ = {
			isa = XCConfigurationList;
			buildConfigurations = (
				B80BEF292868645100DF04D4 /* Debug */,
				B80BEF2A2868645100DF04D4 /* Release */,
			);
			defaultConfigurationIsVisible = 0;
			defaultConfigurationName = Release;
		};
/* End XCConfigurationList section */

/* Begin XCVersionGroup section */
		B80BEF232868645100DF04D4 /* __ToDo_.xcdatamodeld */ = {
			isa = XCVersionGroup;
			children = (
				B80BEF242868645100DF04D4 /* __ToDo_.xcdatamodel */,
			);
			currentVersion = B80BEF242868645100DF04D4 /* __ToDo_.xcdatamodel */;
			path = __ToDo_.xcdatamodeld;
			sourceTree = "<group>";
			versionGroupType = wrapper.xcdatamodel;
		};
/* End XCVersionGroup section */
	};
	rootObject = B80BEF0D2868644F00DF04D4 /* Project object */;
}
